// !$*UTF8*$!
{
	archiveVersion = 1;
	classes = {
	};
	objectVersion = 50;
	objects = {

/* Begin PBXBuildFile section */
		2C00A1082145EB160000BA91 /* GameCamera.swift in Sources */ = {isa = PBXBuildFile; fileRef = 2C00A1072145EB160000BA91 /* GameCamera.swift */; };
		2C00A10A2145FAD30000BA91 /* Configuration.swift in Sources */ = {isa = PBXBuildFile; fileRef = 2C00A1092145FAD30000BA91 /* Configuration.swift */; };
		2C00A10C2145FD440000BA91 /* Bird.swift in Sources */ = {isa = PBXBuildFile; fileRef = 2C00A10B2145FD440000BA91 /* Bird.swift */; };
		2C00A10E21460E6F0000BA91 /* Block.swift in Sources */ = {isa = PBXBuildFile; fileRef = 2C00A10D21460E6F0000BA91 /* Block.swift */; };
		2CFE9E7B2145DE49000EF7D4 /* AppDelegate.swift in Sources */ = {isa = PBXBuildFile; fileRef = 2CFE9E7A2145DE49000EF7D4 /* AppDelegate.swift */; };
		2CFE9E7D2145DE49000EF7D4 /* GameScene.sks in Resources */ = {isa = PBXBuildFile; fileRef = 2CFE9E7C2145DE49000EF7D4 /* GameScene.sks */; };
		2CFE9E812145DE49000EF7D4 /* GameScene.swift in Sources */ = {isa = PBXBuildFile; fileRef = 2CFE9E802145DE49000EF7D4 /* GameScene.swift */; };
		2CFE9E832145DE49000EF7D4 /* GameViewController.swift in Sources */ = {isa = PBXBuildFile; fileRef = 2CFE9E822145DE49000EF7D4 /* GameViewController.swift */; };
		2CFE9E862145DE49000EF7D4 /* Main.storyboard in Resources */ = {isa = PBXBuildFile; fileRef = 2CFE9E842145DE49000EF7D4 /* Main.storyboard */; };
		2CFE9E882145DE49000EF7D4 /* Assets.xcassets in Resources */ = {isa = PBXBuildFile; fileRef = 2CFE9E872145DE49000EF7D4 /* Assets.xcassets */; };
		2CFE9E8B2145DE49000EF7D4 /* LaunchScreen.storyboard in Resources */ = {isa = PBXBuildFile; fileRef = 2CFE9E892145DE49000EF7D4 /* LaunchScreen.storyboard */; };
		2CFE9E932145E037000EF7D4 /* BirdTileSet.sks in Resources */ = {isa = PBXBuildFile; fileRef = 2CFE9E922145E037000EF7D4 /* BirdTileSet.sks */; };
/* End PBXBuildFile section */

/* Begin PBXFileReference section */
		2C00A1072145EB160000BA91 /* GameCamera.swift */ = {isa = PBXFileReference; lastKnownFileType = sourcecode.swift; path = GameCamera.swift; sourceTree = "<group>"; };
		2C00A1092145FAD30000BA91 /* Configuration.swift */ = {isa = PBXFileReference; lastKnownFileType = sourcecode.swift; path = Configuration.swift; sourceTree = "<group>"; };
		2C00A10B2145FD440000BA91 /* Bird.swift */ = {isa = PBXFileReference; lastKnownFileType = sourcecode.swift; path = Bird.swift; sourceTree = "<group>"; };
		2C00A10D21460E6F0000BA91 /* Block.swift */ = {isa = PBXFileReference; lastKnownFileType = sourcecode.swift; path = Block.swift; sourceTree = "<group>"; };
		2CFE9E772145DE49000EF7D4 /* Birds.app */ = {isa = PBXFileReference; explicitFileType = wrapper.application; includeInIndex = 0; path = Birds.app; sourceTree = BUILT_PRODUCTS_DIR; };
		2CFE9E7A2145DE49000EF7D4 /* AppDelegate.swift */ = {isa = PBXFileReference; lastKnownFileType = sourcecode.swift; path = AppDelegate.swift; sourceTree = "<group>"; };
		2CFE9E7C2145DE49000EF7D4 /* GameScene.sks */ = {isa = PBXFileReference; lastKnownFileType = file.sks; path = GameScene.sks; sourceTree = "<group>"; };
		2CFE9E802145DE49000EF7D4 /* GameScene.swift */ = {isa = PBXFileReference; lastKnownFileType = sourcecode.swift; path = GameScene.swift; sourceTree = "<group>"; };
		2CFE9E822145DE49000EF7D4 /* GameViewController.swift */ = {isa = PBXFileReference; lastKnownFileType = sourcecode.swift; path = GameViewController.swift; sourceTree = "<group>"; };
		2CFE9E852145DE49000EF7D4 /* Base */ = {isa = PBXFileReference; lastKnownFileType = file.storyboard; name = Base; path = Base.lproj/Main.storyboard; sourceTree = "<group>"; };
		2CFE9E872145DE49000EF7D4 /* Assets.xcassets */ = {isa = PBXFileReference; lastKnownFileType = folder.assetcatalog; path = Assets.xcassets; sourceTree = "<group>"; };
		2CFE9E8A2145DE49000EF7D4 /* Base */ = {isa = PBXFileReference; lastKnownFileType = file.storyboard; name = Base; path = Base.lproj/LaunchScreen.storyboard; sourceTree = "<group>"; };
		2CFE9E8C2145DE49000EF7D4 /* Info.plist */ = {isa = PBXFileReference; lastKnownFileType = text.plist.xml; path = Info.plist; sourceTree = "<group>"; };
		2CFE9E922145E037000EF7D4 /* BirdTileSet.sks */ = {isa = PBXFileReference; lastKnownFileType = file.sks; path = BirdTileSet.sks; sourceTree = "<group>"; };
/* End PBXFileReference section */

/* Begin PBXFrameworksBuildPhase section */
		2CFE9E742145DE48000EF7D4 /* Frameworks */ = {
			isa = PBXFrameworksBuildPhase;
			buildActionMask = 2147483647;
			files = (
			);
			runOnlyForDeploymentPostprocessing = 0;
		};
/* End PBXFrameworksBuildPhase section */

/* Begin PBXGroup section */
		2C00A0FD2145E7A30000BA91 /* Template */ = {
			isa = PBXGroup;
			children = (
				2CFE9E8C2145DE49000EF7D4 /* Info.plist */,
				2CFE9E7A2145DE49000EF7D4 /* AppDelegate.swift */,
				2C00A1092145FAD30000BA91 /* Configuration.swift */,
			);
			name = Template;
			sourceTree = "<group>";
		};
		2C00A0FE2145E7AD0000BA91 /* Scenes */ = {
			isa = PBXGroup;
			children = (
				2CFE9E7C2145DE49000EF7D4 /* GameScene.sks */,
				2CFE9E802145DE49000EF7D4 /* GameScene.swift */,
			);
			name = Scenes;
			sourceTree = "<group>";
		};
		2C00A1012145E7D60000BA91 /* UI */ = {
			isa = PBXGroup;
			children = (
				2CFE9E842145DE49000EF7D4 /* Main.storyboard */,
				2CFE9E872145DE49000EF7D4 /* Assets.xcassets */,
				2CFE9E892145DE49000EF7D4 /* LaunchScreen.storyboard */,
			);
			name = UI;
			sourceTree = "<group>";
		};
		2C00A1022145E7DC0000BA91 /* ViewController */ = {
			isa = PBXGroup;
			children = (
				2CFE9E822145DE49000EF7D4 /* GameViewController.swift */,
			);
			name = ViewController;
			sourceTree = "<group>";
		};
		2C00A1052145E8160000BA91 /* TileSets */ = {
			isa = PBXGroup;
			children = (
				2CFE9E922145E037000EF7D4 /* BirdTileSet.sks */,
			);
			name = TileSets;
			sourceTree = "<group>";
		};
		2C00A1062145EAF80000BA91 /* CustomNodes */ = {
			isa = PBXGroup;
			children = (
				2C00A1072145EB160000BA91 /* GameCamera.swift */,
				2C00A10B2145FD440000BA91 /* Bird.swift */,
				2C00A10D21460E6F0000BA91 /* Block.swift */,
			);
			name = CustomNodes;
			sourceTree = "<group>";
		};
		2CFE9E6E2145DE48000EF7D4 = {
			isa = PBXGroup;
			children = (
				2CFE9E792145DE49000EF7D4 /* Birds */,
				2CFE9E782145DE49000EF7D4 /* Products */,
			);
			sourceTree = "<group>";
		};
		2CFE9E782145DE49000EF7D4 /* Products */ = {
			isa = PBXGroup;
			children = (
				2CFE9E772145DE49000EF7D4 /* Birds.app */,
			);
			name = Products;
			sourceTree = "<group>";
		};
		2CFE9E792145DE49000EF7D4 /* Birds */ = {
			isa = PBXGroup;
			children = (
				2C00A1062145EAF80000BA91 /* CustomNodes */,
				2C00A1052145E8160000BA91 /* TileSets */,
				2C00A0FE2145E7AD0000BA91 /* Scenes */,
				2C00A1012145E7D60000BA91 /* UI */,
				2C00A0FD2145E7A30000BA91 /* Template */,
				2C00A1022145E7DC0000BA91 /* ViewController */,
			);
			path = Birds;
			sourceTree = "<group>";
		};
/* End PBXGroup section */

/* Begin PBXNativeTarget section */
		2CFE9E762145DE48000EF7D4 /* Birds */ = {
			isa = PBXNativeTarget;
			buildConfigurationList = 2CFE9E8F2145DE49000EF7D4 /* Build configuration list for PBXNativeTarget "Birds" */;
			buildPhases = (
				2CFE9E732145DE48000EF7D4 /* Sources */,
				2CFE9E742145DE48000EF7D4 /* Frameworks */,
				2CFE9E752145DE48000EF7D4 /* Resources */,
			);
			buildRules = (
			);
			dependencies = (
			);
			name = Birds;
			productName = Birds;
			productReference = 2CFE9E772145DE49000EF7D4 /* Birds.app */;
			productType = "com.apple.product-type.application";
		};
/* End PBXNativeTarget section */

/* Begin PBXProject section */
		2CFE9E6F2145DE48000EF7D4 /* Project object */ = {
			isa = PBXProject;
			attributes = {
				LastSwiftUpdateCheck = 0940;
				LastUpgradeCheck = 0940;
				ORGANIZATIONNAME = "Edward Hu";
				TargetAttributes = {
					2CFE9E762145DE48000EF7D4 = {
						CreatedOnToolsVersion = 9.4.1;
					};
				};
			};
			buildConfigurationList = 2CFE9E722145DE48000EF7D4 /* Build configuration list for PBXProject "Birds" */;
			compatibilityVersion = "Xcode 9.3";
			developmentRegion = en;
			hasScannedForEncodings = 0;
			knownRegions = (
				en,
				Base,
			);
			mainGroup = 2CFE9E6E2145DE48000EF7D4;
			productRefGroup = 2CFE9E782145DE49000EF7D4 /* Products */;
			projectDirPath = "";
			projectRoot = "";
			targets = (
				2CFE9E762145DE48000EF7D4 /* Birds */,
			);
		};
/* End PBXProject section */

/* Begin PBXResourcesBuildPhase section */
		2CFE9E752145DE48000EF7D4 /* Resources */ = {
			isa = PBXResourcesBuildPhase;
			buildActionMask = 2147483647;
			files = (
				2CFE9E932145E037000EF7D4 /* BirdTileSet.sks in Resources */,
				2CFE9E862145DE49000EF7D4 /* Main.storyboard in Resources */,
				2CFE9E7D2145DE49000EF7D4 /* GameScene.sks in Resources */,
				2CFE9E882145DE49000EF7D4 /* Assets.xcassets in Resources */,
				2CFE9E8B2145DE49000EF7D4 /* LaunchScreen.storyboard in Resources */,
			);
			runOnlyForDeploymentPostprocessing = 0;
		};
/* End PBXResourcesBuildPhase section */

/* Begin PBXSourcesBuildPhase section */
		2CFE9E732145DE48000EF7D4 /* Sources */ = {
			isa = PBXSourcesBuildPhase;
			buildActionMask = 2147483647;
			files = (
				2CFE9E812145DE49000EF7D4 /* GameScene.swift in Sources */,
				2C00A10E21460E6F0000BA91 /* Block.swift in Sources */,
				2C00A10A2145FAD30000BA91 /* Configuration.swift in Sources */,
				2CFE9E832145DE49000EF7D4 /* GameViewController.swift in Sources */,
				2C00A1082145EB160000BA91 /* GameCamera.swift in Sources */,
				2C00A10C2145FD440000BA91 /* Bird.swift in Sources */,
				2CFE9E7B2145DE49000EF7D4 /* AppDelegate.swift in Sources */,
			);
			runOnlyForDeploymentPostprocessing = 0;
		};
/* End PBXSourcesBuildPhase section */

/* Begin PBXVariantGroup section */
		2CFE9E842145DE49000EF7D4 /* Main.storyboard */ = {
			isa = PBXVariantGroup;
			children = (
				2CFE9E852145DE49000EF7D4 /* Base */,
			);
			name = Main.storyboard;
			sourceTree = "<group>";
		};
		2CFE9E892145DE49000EF7D4 /* LaunchScreen.storyboard */ = {
			isa = PBXVariantGroup;
			children = (
				2CFE9E8A2145DE49000EF7D4 /* Base */,
			);
			name = LaunchScreen.storyboard;
			sourceTree = "<group>";
		};
/* End PBXVariantGroup section */

/* Begin XCBuildConfiguration section */
		2CFE9E8D2145DE49000EF7D4 /* Debug */ = {
			isa = XCBuildConfiguration;
			buildSettings = {
				ALWAYS_SEARCH_USER_PATHS = NO;
				CLANG_ANALYZER_NONNULL = YES;
				CLANG_ANALYZER_NUMBER_OBJECT_CONVERSION = YES_AGGRESSIVE;
				CLANG_CXX_LANGUAGE_STANDARD = "gnu++14";
				CLANG_CXX_LIBRARY = "libc++";
				CLANG_ENABLE_MODULES = YES;
				CLANG_ENABLE_OBJC_ARC = YES;
				CLANG_ENABLE_OBJC_WEAK = YES;
				CLANG_WARN_BLOCK_CAPTURE_AUTORELEASING = YES;
				CLANG_WARN_BOOL_CONVERSION = YES;
				CLANG_WARN_COMMA = YES;
				CLANG_WARN_CONSTANT_CONVERSION = YES;
				CLANG_WARN_DEPRECATED_OBJC_IMPLEMENTATIONS = YES;
				CLANG_WARN_DIRECT_OBJC_ISA_USAGE = YES_ERROR;
				CLANG_WARN_DOCUMENTATION_COMMENTS = YES;
				CLANG_WARN_EMPTY_BODY = YES;
				CLANG_WARN_ENUM_CONVERSION = YES;
				CLANG_WARN_INFINITE_RECURSION = YES;
				CLANG_WARN_INT_CONVERSION = YES;
				CLANG_WARN_NON_LITERAL_NULL_CONVERSION = YES;
				CLANG_WARN_OBJC_IMPLICIT_RETAIN_SELF = YES;
				CLANG_WARN_OBJC_LITERAL_CONVERSION = YES;
				CLANG_WARN_OBJC_ROOT_CLASS = YES_ERROR;
				CLANG_WARN_RANGE_LOOP_ANALYSIS = YES;
				CLANG_WARN_STRICT_PROTOTYPES = YES;
				CLANG_WARN_SUSPICIOUS_MOVE = YES;
				CLANG_WARN_UNGUARDED_AVAILABILITY = YES_AGGRESSIVE;
				CLANG_WARN_UNREACHABLE_CODE = YES;
				CLANG_WARN__DUPLICATE_METHOD_MATCH = YES;
				CODE_SIGN_IDENTITY = "iPhone Developer";
				COPY_PHASE_STRIP = NO;
				DEBUG_INFORMATION_FORMAT = dwarf;
				ENABLE_STRICT_OBJC_MSGSEND = YES;
				ENABLE_TESTABILITY = YES;
				GCC_C_LANGUAGE_STANDARD = gnu11;
				GCC_DYNAMIC_NO_PIC = NO;
				GCC_NO_COMMON_BLOCKS = YES;
				GCC_OPTIMIZATION_LEVEL = 0;
				GCC_PREPROCESSOR_DEFINITIONS = (
					"DEBUG=1",
					"$(inherited)",
				);
				GCC_WARN_64_TO_32_BIT_CONVERSION = YES;
				GCC_WARN_ABOUT_RETURN_TYPE = YES_ERROR;
				GCC_WARN_UNDECLARED_SELECTOR = YES;
				GCC_WARN_UNINITIALIZED_AUTOS = YES_AGGRESSIVE;
				GCC_WARN_UNUSED_FUNCTION = YES;
				GCC_WARN_UNUSED_VARIABLE = YES;
				IPHONEOS_DEPLOYMENT_TARGET = 11.4;
				MTL_ENABLE_DEBUG_INFO = YES;
				ONLY_ACTIVE_ARCH = YES;
				SDKROOT = iphoneos;
				SWIFT_ACTIVE_COMPILATION_CONDITIONS = DEBUG;
				SWIFT_OPTIMIZATION_LEVEL = "-Onone";
			};
			name = Debug;
		};
		2CFE9E8E2145DE49000EF7D4 /* Release */ = {
			isa = XCBuildConfiguration;
			buildSettings = {
				ALWAYS_SEARCH_USER_PATHS = NO;
				CLANG_ANALYZER_NONNULL = YES;
				CLANG_ANALYZER_NUMBER_OBJECT_CONVERSION = YES_AGGRESSIVE;
				CLANG_CXX_LANGUAGE_STANDARD = "gnu++14";
				CLANG_CXX_LIBRARY = "libc++";
				CLANG_ENABLE_MODULES = YES;
				CLANG_ENABLE_OBJC_ARC = YES;
				CLANG_ENABLE_OBJC_WEAK = YES;
				CLANG_WARN_BLOCK_CAPTURE_AUTORELEASING = YES;
				CLANG_WARN_BOOL_CONVERSION = YES;
				CLANG_WARN_COMMA = YES;
				CLANG_WARN_CONSTANT_CONVERSION = YES;
				CLANG_WARN_DEPRECATED_OBJC_IMPLEMENTATIONS = YES;
				CLANG_WARN_DIRECT_OBJC_ISA_USAGE = YES_ERROR;
				CLANG_WARN_DOCUMENTATION_COMMENTS = YES;
				CLANG_WARN_EMPTY_BODY = YES;
				CLANG_WARN_ENUM_CONVERSION = YES;
				CLANG_WARN_INFINITE_RECURSION = YES;
				CLANG_WARN_INT_CONVERSION = YES;
				CLANG_WARN_NON_LITERAL_NULL_CONVERSION = YES;
				CLANG_WARN_OBJC_IMPLICIT_RETAIN_SELF = YES;
				CLANG_WARN_OBJC_LITERAL_CONVERSION = YES;
				CLANG_WARN_OBJC_ROOT_CLASS = YES_ERROR;
				CLANG_WARN_RANGE_LOOP_ANALYSIS = YES;
				CLANG_WARN_STRICT_PROTOTYPES = YES;
				CLANG_WARN_SUSPICIOUS_MOVE = YES;
				CLANG_WARN_UNGUARDED_AVAILABILITY = YES_AGGRESSIVE;
				CLANG_WARN_UNREACHABLE_CODE = YES;
				CLANG_WARN__DUPLICATE_METHOD_MATCH = YES;
				CODE_SIGN_IDENTITY = "iPhone Developer";
				COPY_PHASE_STRIP = NO;
				DEBUG_INFORMATION_FORMAT = "dwarf-with-dsym";
				ENABLE_NS_ASSERTIONS = NO;
				ENABLE_STRICT_OBJC_MSGSEND = YES;
				GCC_C_LANGUAGE_STANDARD = gnu11;
				GCC_NO_COMMON_BLOCKS = YES;
				GCC_WARN_64_TO_32_BIT_CONVERSION = YES;
				GCC_WARN_ABOUT_RETURN_TYPE = YES_ERROR;
				GCC_WARN_UNDECLARED_SELECTOR = YES;
				GCC_WARN_UNINITIALIZED_AUTOS = YES_AGGRESSIVE;
				GCC_WARN_UNUSED_FUNCTION = YES;
				GCC_WARN_UNUSED_VARIABLE = YES;
				IPHONEOS_DEPLOYMENT_TARGET = 11.4;
				MTL_ENABLE_DEBUG_INFO = NO;
				SDKROOT = iphoneos;
				SWIFT_COMPILATION_MODE = wholemodule;
				SWIFT_OPTIMIZATION_LEVEL = "-O";
				VALIDATE_PRODUCT = YES;
			};
			name = Release;
		};
		2CFE9E902145DE49000EF7D4 /* Debug */ = {
			isa = XCBuildConfiguration;
			buildSettings = {
				ASSETCATALOG_COMPILER_APPICON_NAME = AppIcon;
				CODE_SIGN_STYLE = Automatic;
				DEVELOPMENT_TEAM = 4H38PLA45M;
				INFOPLIST_FILE = Birds/Info.plist;
				LD_RUNPATH_SEARCH_PATHS = (
					"$(inherited)",
					"@executable_path/Frameworks",
				);
				PRODUCT_BUNDLE_IDENTIFIER = com.edwardhu.Birds;
				PRODUCT_NAME = "$(TARGET_NAME)";
				SWIFT_VERSION = 4.0;
				TARGETED_DEVICE_FAMILY = "1,2";
			};
			name = Debug;
		};
		2CFE9E912145DE49000EF7D4 /* Release */ = {
			isa = XCBuildConfiguration;
			buildSettings = {
				ASSETCATALOG_COMPILER_APPICON_NAME = AppIcon;
				CODE_SIGN_STYLE = Automatic;
				DEVELOPMENT_TEAM = 4H38PLA45M;
				INFOPLIST_FILE = Birds/Info.plist;
				LD_RUNPATH_SEARCH_PATHS = (
					"$(inherited)",
					"@executable_path/Frameworks",
				);
				PRODUCT_BUNDLE_IDENTIFIER = com.edwardhu.Birds;
				PRODUCT_NAME = "$(TARGET_NAME)";
				SWIFT_VERSION = 4.0;
				TARGETED_DEVICE_FAMILY = "1,2";
			};
			name = Release;
		};
/* End XCBuildConfiguration section */

/* Begin XCConfigurationList section */
		2CFE9E722145DE48000EF7D4 /* Build configuration list for PBXProject "Birds" */ = {
			isa = XCConfigurationList;
			buildConfigurations = (
				2CFE9E8D2145DE49000EF7D4 /* Debug */,
				2CFE9E8E2145DE49000EF7D4 /* Release */,
			);
			defaultConfigurationIsVisible = 0;
			defaultConfigurationName = Release;
		};
		2CFE9E8F2145DE49000EF7D4 /* Build configuration list for PBXNativeTarget "Birds" */ = {
			isa = XCConfigurationList;
			buildConfigurations = (
				2CFE9E902145DE49000EF7D4 /* Debug */,
				2CFE9E912145DE49000EF7D4 /* Release */,
			);
			defaultConfigurationIsVisible = 0;
			defaultConfigurationName = Release;
		};
/* End XCConfigurationList section */
	};
	rootObject = 2CFE9E6F2145DE48000EF7D4 /* Project object */;
}
